
Microsoft Visual Studio Solution File, Format Version 12.00
# Visual Studio Version 17
VisualStudioVersion = 17.5.33516.290
MinimumVisualStudioVersion = 10.0.40219.1
Project("{FAE04EC0-301F-11D3-BF4B-00C04F79EFBC}") = "WebHotelManagementSystem", "WebHotelManagementSystem\WebHotelManagementSystem.csproj", "{003B6B9D-868A-4BF7-94DF-7341FB21C66B}"
EndProject
Global
	GlobalSection(SolutionConfigurationPlatforms) = preSolution
		Debug|Any CPU = Debug|Any CPU
		Release|Any CPU = Release|Any CPU
	EndGlobalSection
	GlobalSection(ProjectConfigurationPlatforms) = postSolution
		{003B6B9D-868A-4BF7-94DF-7341FB21C66B}.Debug|Any CPU.ActiveCfg = Debug|Any CPU
		{003B6B9D-868A-4BF7-94DF-7341FB21C66B}.Debug|Any CPU.Build.0 = Debug|Any CPU
		{003B6B9D-868A-4BF7-94DF-7341FB21C66B}.Release|Any CPU.ActiveCfg = Release|Any CPU
		{003B6B9D-868A-4BF7-94DF-7341FB21C66B}.Release|Any CPU.Build.0 = Release|Any CPU
	EndGlobalSection
	GlobalSection(SolutionProperties) = preSolution
		HideSolutionNode = FALSE
	EndGlobalSection
	GlobalSection(ExtensibilityGlobals) = postSolution
		SolutionGuid = {9D76CDC9-A295-49F4-A063-242A2D170A58}
	EndGlobalSection
EndGlobal
